
Microsoft Visual Studio Solution File, Format Version 12.00
# Visual Studio Version 16
VisualStudioVersion = 16.0.30413.136
MinimumVisualStudioVersion = 10.0.40219.1
Project("{FAE04EC0-301F-11D3-BF4B-00C04F79EFBC}") = "ConventionsTests", "ConventionsTests\ConventionsTests.csproj", "{230EDEC7-205C-46D1-A30B-AC0E0C353856}"
EndProject
Project("{FAE04EC0-301F-11D3-BF4B-00C04F79EFBC}") = "WebApp", "WebApp\WebApp.csproj", "{B1E4EEBE-C9EE-4306-BFC0-4323608917D3}"
EndProject
Global
	GlobalSection(SolutionConfigurationPlatforms) = preSolution
		Debug|Any CPU = Debug|Any CPU
		Release|Any CPU = Release|Any CPU
	EndGlobalSection
	GlobalSection(ProjectConfigurationPlatforms) = postSolution
		{230EDEC7-205C-46D1-A30B-AC0E0C353856}.Debug|Any CPU.ActiveCfg = Debug|Any CPU
		{230EDEC7-205C-46D1-A30B-AC0E0C353856}.Debug|Any CPU.Build.0 = Debug|Any CPU
		{230EDEC7-205C-46D1-A30B-AC0E0C353856}.Release|Any CPU.ActiveCfg = Release|Any CPU
		{230EDEC7-205C-46D1-A30B-AC0E0C353856}.Release|Any CPU.Build.0 = Release|Any CPU
		{B1E4EEBE-C9EE-4306-BFC0-4323608917D3}.Debug|Any CPU.ActiveCfg = Debug|Any CPU
		{B1E4EEBE-C9EE-4306-BFC0-4323608917D3}.Debug|Any CPU.Build.0 = Debug|Any CPU
		{B1E4EEBE-C9EE-4306-BFC0-4323608917D3}.Release|Any CPU.ActiveCfg = Release|Any CPU
		{B1E4EEBE-C9EE-4306-BFC0-4323608917D3}.Release|Any CPU.Build.0 = Release|Any CPU
	EndGlobalSection
	GlobalSection(SolutionProperties) = preSolution
		HideSolutionNode = FALSE
	EndGlobalSection
	GlobalSection(ExtensibilityGlobals) = postSolution
		SolutionGuid = {DA0318D3-FE05-45D5-8E29-BA95FDDA419B}
	EndGlobalSection
EndGlobal
